
Microsoft Visual Studio Solution File, Format Version 12.00
# Visual Studio Version 17
VisualStudioVersion = 17.0.31903.59
MinimumVisualStudioVersion = 10.0.40219.1
Project("{FAE04EC0-301F-11D3-BF4B-00C04F79EFBC}") = "Excel2Sql", "Excel2Sql\Excel2Sql.csproj", "{E0A0863B-FC25-4C74-91EF-83873AFB303A}"
EndProject
Project("{FAE04EC0-301F-11D3-BF4B-00C04F79EFBC}") = "SqlDbLib", "SqlDbLib\SqlDbLib.csproj", "{7005FD10-6742-415C-BEDF-968BE24A5254}"
EndProject
Global
	GlobalSection(SolutionConfigurationPlatforms) = preSolution
		Debug|Any CPU = Debug|Any CPU
		Release|Any CPU = Release|Any CPU
	EndGlobalSection
	GlobalSection(SolutionProperties) = preSolution
		HideSolutionNode = FALSE
	EndGlobalSection
	GlobalSection(ProjectConfigurationPlatforms) = postSolution
		{E0A0863B-FC25-4C74-91EF-83873AFB303A}.Debug|Any CPU.ActiveCfg = Debug|Any CPU
		{E0A0863B-FC25-4C74-91EF-83873AFB303A}.Debug|Any CPU.Build.0 = Debug|Any CPU
		{E0A0863B-FC25-4C74-91EF-83873AFB303A}.Release|Any CPU.ActiveCfg = Release|Any CPU
		{E0A0863B-FC25-4C74-91EF-83873AFB303A}.Release|Any CPU.Build.0 = Release|Any CPU
		{7005FD10-6742-415C-BEDF-968BE24A5254}.Debug|Any CPU.ActiveCfg = Debug|Any CPU
		{7005FD10-6742-415C-BEDF-968BE24A5254}.Debug|Any CPU.Build.0 = Debug|Any CPU
		{7005FD10-6742-415C-BEDF-968BE24A5254}.Release|Any CPU.ActiveCfg = Release|Any CPU
		{7005FD10-6742-415C-BEDF-968BE24A5254}.Release|Any CPU.Build.0 = Release|Any CPU
	EndGlobalSection
EndGlobal
